<?xml version="1.0" encoding="utf-8"?>
<Project ToolsVersion="17.0" xmlns="http://schemas.microsoft.com/developer/msbuild/2003">
  <ItemGroup>
    <CustomBuild Include="C:\Users\bukat\Projects\MiAKG\lab1\CMakeFiles\44264b93af25bd7e548ec99c2c944405\SDL2-external-mkdir.rule">
      <Filter>CMake Rules</Filter>
    </CustomBuild>
    <CustomBuild Include="C:\Users\bukat\Projects\MiAKG\lab1\CMakeFiles\44264b93af25bd7e548ec99c2c944405\SDL2-external-download.rule">
      <Filter>CMake Rules</Filter>
    </CustomBuild>
    <CustomBuild Include="C:\Users\bukat\Projects\MiAKG\lab1\CMakeFiles\44264b93af25bd7e548ec99c2c944405\SDL2-external-update_disconnected.rule">
      <Filter>CMake Rules</Filter>
    </CustomBuild>
    <CustomBuild Include="C:\Users\bukat\Projects\MiAKG\lab1\CMakeFiles\44264b93af25bd7e548ec99c2c944405\SDL2-external-patch_disconnected.rule">
      <Filter>CMake Rules</Filter>
    </CustomBuild>
    <CustomBuild Include="C:\Users\bukat\Projects\MiAKG\lab1\CMakeFiles\44264b93af25bd7e548ec99c2c944405\SDL2-external-configure.rule">
      <Filter>CMake Rules</Filter>
    </CustomBuild>
    <CustomBuild Include="C:\Users\bukat\Projects\MiAKG\lab1\CMakeFiles\44264b93af25bd7e548ec99c2c944405\SDL2-external-build.rule">
      <Filter>CMake Rules</Filter>
    </CustomBuild>
    <CustomBuild Include="C:\Users\bukat\Projects\MiAKG\lab1\CMakeFiles\44264b93af25bd7e548ec99c2c944405\SDL2-external-install.rule">
      <Filter>CMake Rules</Filter>
    </CustomBuild>
    <CustomBuild Include="C:\Users\bukat\Projects\MiAKG\lab1\CMakeFiles\533f2bde3388c38eba72e8be466cb1cc\SDL2-external-complete.rule">
      <Filter>CMake Rules</Filter>
    </CustomBuild>
    <CustomBuild Include="C:\Users\bukat\Projects\MiAKG\lab1\CMakeFiles\62606d789485ae58046af634d96220f1\SDL2-external.rule">
      <Filter>CMake Rules</Filter>
    </CustomBuild>
    <CustomBuild Include="C:\Users\bukat\Projects\MiAKG\lab1\CMakeLists.txt" />
  </ItemGroup>
  <ItemGroup>
    <None Include="C:\Users\bukat\Projects\MiAKG\lab1\CMakeFiles\SDL2-external" />
  </ItemGroup>
  <ItemGroup>
    <Filter Include="CMake Rules">
      <UniqueIdentifier>{A0EB7DDC-230D-34D1-9ED8-49C929B1DD91}</UniqueIdentifier>
    </Filter>
  </ItemGroup>
</Project>
