<?xml version="1.0" encoding="utf-8"?>
<Project ToolsVersion="17.0" xmlns="http://schemas.microsoft.com/developer/msbuild/2003">
  <ItemGroup>
    <CustomBuild Include="C:\Users\bukat\Projects\MiAKG\lab1\CMakeFiles\62606d789485ae58046af634d96220f1\generate.stamp.rule">
      <Filter>CMake Rules</Filter>
    </CustomBuild>
  </ItemGroup>
  <ItemGroup>
    <Filter Include="CMake Rules">
      <UniqueIdentifier>{A0EB7DDC-230D-34D1-9ED8-49C929B1DD91}</UniqueIdentifier>
    </Filter>
  </ItemGroup>
</Project>
