<?xml version="1.0" encoding="utf-8"?>
<Project ToolsVersion="17.0" xmlns="http://schemas.microsoft.com/developer/msbuild/2003">
  <ItemGroup>
    <CustomBuild Include="C:\Users\bukat\Projects\lab1\CMakeFiles\6cfb1c26a1f5604e33c6628911d64ec4\generate.stamp.rule">
      <Filter>CMake Rules</Filter>
    </CustomBuild>
  </ItemGroup>
  <ItemGroup>
    <Filter Include="CMake Rules">
      <UniqueIdentifier>{6A25E73E-1612-39E8-A109-8278E08E4CDD}</UniqueIdentifier>
    </Filter>
  </ItemGroup>
</Project>
