<?xml version="1.0" encoding="utf-8"?>
<Project ToolsVersion="17.0" xmlns="http://schemas.microsoft.com/developer/msbuild/2003">
  <ItemGroup>
    <CustomBuild Include="C:\Users\bukat\Projects\MiAKG\lab2\CMakeFiles\bc59160c52465e3e01018c41d62a0fe2\SDL2-external-mkdir.rule">
      <Filter>CMake Rules</Filter>
    </CustomBuild>
    <CustomBuild Include="C:\Users\bukat\Projects\MiAKG\lab2\CMakeFiles\bc59160c52465e3e01018c41d62a0fe2\SDL2-external-download.rule">
      <Filter>CMake Rules</Filter>
    </CustomBuild>
    <CustomBuild Include="C:\Users\bukat\Projects\MiAKG\lab2\CMakeFiles\bc59160c52465e3e01018c41d62a0fe2\SDL2-external-update_disconnected.rule">
      <Filter>CMake Rules</Filter>
    </CustomBuild>
    <CustomBuild Include="C:\Users\bukat\Projects\MiAKG\lab2\CMakeFiles\bc59160c52465e3e01018c41d62a0fe2\SDL2-external-patch_disconnected.rule">
      <Filter>CMake Rules</Filter>
    </CustomBuild>
    <CustomBuild Include="C:\Users\bukat\Projects\MiAKG\lab2\CMakeFiles\bc59160c52465e3e01018c41d62a0fe2\SDL2-external-configure.rule">
      <Filter>CMake Rules</Filter>
    </CustomBuild>
    <CustomBuild Include="C:\Users\bukat\Projects\MiAKG\lab2\CMakeFiles\bc59160c52465e3e01018c41d62a0fe2\SDL2-external-build.rule">
      <Filter>CMake Rules</Filter>
    </CustomBuild>
    <CustomBuild Include="C:\Users\bukat\Projects\MiAKG\lab2\CMakeFiles\bc59160c52465e3e01018c41d62a0fe2\SDL2-external-install.rule">
      <Filter>CMake Rules</Filter>
    </CustomBuild>
    <CustomBuild Include="C:\Users\bukat\Projects\MiAKG\lab2\CMakeFiles\1383a0700b308fdfc144d64536b80669\SDL2-external-complete.rule">
      <Filter>CMake Rules</Filter>
    </CustomBuild>
    <CustomBuild Include="C:\Users\bukat\Projects\MiAKG\lab2\CMakeFiles\9013d394e69157826499673294d5dea8\SDL2-external.rule">
      <Filter>CMake Rules</Filter>
    </CustomBuild>
    <CustomBuild Include="C:\Users\bukat\Projects\MiAKG\lab2\CMakeLists.txt" />
  </ItemGroup>
  <ItemGroup>
    <None Include="C:\Users\bukat\Projects\MiAKG\lab2\CMakeFiles\SDL2-external" />
  </ItemGroup>
  <ItemGroup>
    <Filter Include="CMake Rules">
      <UniqueIdentifier>{7F2E73FA-F3A9-3EC9-96FB-C341C25DAFC2}</UniqueIdentifier>
    </Filter>
  </ItemGroup>
</Project>
