<?xml version="1.0" encoding="utf-8"?>
<Project ToolsVersion="17.0" xmlns="http://schemas.microsoft.com/developer/msbuild/2003">
  <ItemGroup>
    <CustomBuild Include="C:\Users\bukat\Projects\MiAKG\lab3\CMakeFiles\6541dfa1ea2677739c66e2584d8836e1\generate.stamp.rule">
      <Filter>CMake Rules</Filter>
    </CustomBuild>
  </ItemGroup>
  <ItemGroup>
    <Filter Include="CMake Rules">
      <UniqueIdentifier>{BC76AA15-EB78-3914-BFCB-FD98DC4609BD}</UniqueIdentifier>
    </Filter>
  </ItemGroup>
</Project>
